
Microsoft Visual Studio Solution File, Format Version 12.00
# Visual Studio Version 17
VisualStudioVersion = 17.1.32228.430
MinimumVisualStudioVersion = 10.0.40219.1
Project("{9A19103F-16F7-4668-BE54-9A1E7A4F7556}") = "Phone", "Phone\Phone.csproj", "{F741E823-94EF-4224-BD01-AF61A8622D27}"
EndProject
Project("{9A19103F-16F7-4668-BE54-9A1E7A4F7556}") = "AnimalKingdom", "AnimalKingdom\AnimalKingdom.csproj", "{C5A1C3FB-B013-483B-9772-398174408D4E}"
EndProject
Project("{9A19103F-16F7-4668-BE54-9A1E7A4F7556}") = "School", "..\Assignment Solution\School\School.csproj", "{F00058B2-B456-4F8E-BF0B-944746A8512B}"
EndProject
Global
	GlobalSection(SolutionConfigurationPlatforms) = preSolution
		Debug|Any CPU = Debug|Any CPU
		Release|Any CPU = Release|Any CPU
	EndGlobalSection
	GlobalSection(ProjectConfigurationPlatforms) = postSolution
		{F741E823-94EF-4224-BD01-AF61A8622D27}.Debug|Any CPU.ActiveCfg = Debug|Any CPU
		{F741E823-94EF-4224-BD01-AF61A8622D27}.Debug|Any CPU.Build.0 = Debug|Any CPU
		{F741E823-94EF-4224-BD01-AF61A8622D27}.Release|Any CPU.ActiveCfg = Release|Any CPU
		{F741E823-94EF-4224-BD01-AF61A8622D27}.Release|Any CPU.Build.0 = Release|Any CPU
		{C5A1C3FB-B013-483B-9772-398174408D4E}.Debug|Any CPU.ActiveCfg = Debug|Any CPU
		{C5A1C3FB-B013-483B-9772-398174408D4E}.Debug|Any CPU.Build.0 = Debug|Any CPU
		{C5A1C3FB-B013-483B-9772-398174408D4E}.Release|Any CPU.ActiveCfg = Release|Any CPU
		{C5A1C3FB-B013-483B-9772-398174408D4E}.Release|Any CPU.Build.0 = Release|Any CPU
		{F00058B2-B456-4F8E-BF0B-944746A8512B}.Debug|Any CPU.ActiveCfg = Debug|Any CPU
		{F00058B2-B456-4F8E-BF0B-944746A8512B}.Debug|Any CPU.Build.0 = Debug|Any CPU
		{F00058B2-B456-4F8E-BF0B-944746A8512B}.Release|Any CPU.ActiveCfg = Release|Any CPU
		{F00058B2-B456-4F8E-BF0B-944746A8512B}.Release|Any CPU.Build.0 = Release|Any CPU
	EndGlobalSection
	GlobalSection(SolutionProperties) = preSolution
		HideSolutionNode = FALSE
	EndGlobalSection
	GlobalSection(ExtensibilityGlobals) = postSolution
		SolutionGuid = {A013F250-7103-47BA-BB8B-A689A5A35CF4}
	EndGlobalSection
EndGlobal
